# This file was autogenerated by uv via the following command:
#    uv pip compile pyproject.toml -o requirements.lock
annotated-types==0.7.0
    # via pydantic
github-copilot-sdk==0.1.23
    # via handbrake-agent (pyproject.toml)
pydantic==2.12.5
    # via github-copilot-sdk
pydantic-core==2.41.5
    # via pydantic
python-dateutil==2.9.0.post0
    # via github-copilot-sdk
six==1.17.0
    # via python-dateutil
typing-extensions==4.15.0
    # via
    #   github-copilot-sdk
    #   pydantic
    #   pydantic-core
    #   typing-inspection
typing-inspection==0.4.2
    # via pydantic
